
Microsoft Visual Studio Solution File, Format Version 12.00
# Visual Studio Version 16
VisualStudioVersion = 16.0.30413.136
MinimumVisualStudioVersion = 10.0.40219.1
Project("{FAE04EC0-301F-11D3-BF4B-00C04F79EFBC}") = "number 3", "number 3\number 3.csproj", "{FF1119BF-94E8-4972-A2C3-DA52AD100478}"
EndProject
Global
	GlobalSection(SolutionConfigurationPlatforms) = preSolution
		Debug|Any CPU = Debug|Any CPU
		Release|Any CPU = Release|Any CPU
	EndGlobalSection
	GlobalSection(ProjectConfigurationPlatforms) = postSolution
		{FF1119BF-94E8-4972-A2C3-DA52AD100478}.Debug|Any CPU.ActiveCfg = Debug|Any CPU
		{FF1119BF-94E8-4972-A2C3-DA52AD100478}.Debug|Any CPU.Build.0 = Debug|Any CPU
		{FF1119BF-94E8-4972-A2C3-DA52AD100478}.Release|Any CPU.ActiveCfg = Release|Any CPU
		{FF1119BF-94E8-4972-A2C3-DA52AD100478}.Release|Any CPU.Build.0 = Release|Any CPU
	EndGlobalSection
	GlobalSection(SolutionProperties) = preSolution
		HideSolutionNode = FALSE
	EndGlobalSection
	GlobalSection(ExtensibilityGlobals) = postSolution
		SolutionGuid = {E4648402-DD92-474D-8E54-A43F44945CD2}
	EndGlobalSection
EndGlobal
