
Microsoft Visual Studio Solution File, Format Version 12.00
# Visual Studio Version 16
VisualStudioVersion = 16.0.30413.136
MinimumVisualStudioVersion = 10.0.40219.1
Project("{9A19103F-16F7-4668-BE54-9A1E7A4F7556}") = "ConsoleApp1", "ConsoleApp1\ConsoleApp1.csproj", "{3F869EBF-0BB4-445E-88B2-0C6A5B1270AE}"
EndProject
Project("{FAE04EC0-301F-11D3-BF4B-00C04F79EFBC}") = "number2", "number2\number2.csproj", "{5DFD8F6B-D4A4-49E5-8A85-DE1CFFC22AFC}"
EndProject
Global
	GlobalSection(SolutionConfigurationPlatforms) = preSolution
		Debug|Any CPU = Debug|Any CPU
		Release|Any CPU = Release|Any CPU
	EndGlobalSection
	GlobalSection(ProjectConfigurationPlatforms) = postSolution
		{3F869EBF-0BB4-445E-88B2-0C6A5B1270AE}.Debug|Any CPU.ActiveCfg = Debug|Any CPU
		{3F869EBF-0BB4-445E-88B2-0C6A5B1270AE}.Debug|Any CPU.Build.0 = Debug|Any CPU
		{3F869EBF-0BB4-445E-88B2-0C6A5B1270AE}.Release|Any CPU.ActiveCfg = Release|Any CPU
		{3F869EBF-0BB4-445E-88B2-0C6A5B1270AE}.Release|Any CPU.Build.0 = Release|Any CPU
		{5DFD8F6B-D4A4-49E5-8A85-DE1CFFC22AFC}.Debug|Any CPU.ActiveCfg = Debug|Any CPU
		{5DFD8F6B-D4A4-49E5-8A85-DE1CFFC22AFC}.Debug|Any CPU.Build.0 = Debug|Any CPU
		{5DFD8F6B-D4A4-49E5-8A85-DE1CFFC22AFC}.Release|Any CPU.ActiveCfg = Release|Any CPU
		{5DFD8F6B-D4A4-49E5-8A85-DE1CFFC22AFC}.Release|Any CPU.Build.0 = Release|Any CPU
	EndGlobalSection
	GlobalSection(SolutionProperties) = preSolution
		HideSolutionNode = FALSE
	EndGlobalSection
	GlobalSection(ExtensibilityGlobals) = postSolution
		SolutionGuid = {D5B3FE03-D243-4AC3-AEC9-F0178A82002A}
	EndGlobalSection
EndGlobal
